
Microsoft Visual Studio Solution File, Format Version 12.00
# Visual Studio Version 17
VisualStudioVersion = 17.14.36616.10
MinimumVisualStudioVersion = 10.0.40219.1
Project("{FAE04EC0-301F-11D3-BF4B-00C04F79EFBC}") = "Pantallas_Sistema_facturación_EstivenCano_AngiRuiz", "Pantallas_Sistema_facturación_EstivenCano_AngiRuiz.csproj", "{1683E25E-7F55-4B98-BB3A-F830FB8AB51C}"
EndProject
Project("{FAE04EC0-301F-11D3-BF4B-00C04F79EFBC}") = "CapaDatos", "..\CapaDatos\CapaDatos.csproj", "{8DA355AC-AB92-4C56-BBCB-7762EC6FD5F3}"
EndProject
Project("{FAE04EC0-301F-11D3-BF4B-00C04F79EFBC}") = "CapaNegocio", "..\CapaNegocio\CapaNegocio.csproj", "{5846BC16-FEEE-4F8A-979E-C62EEE56A9F7}"
EndProject
Project("{2150E333-8FDC-42A3-9474-1A3956D46DE8}") = "Datos", "Datos", "{02EA681E-C7D8-13C7-8484-4AC65E1B71E8}"
EndProject
Project("{2150E333-8FDC-42A3-9474-1A3956D46DE8}") = "Negocio", "Negocio", "{03A261C3-45A0-4A90-B500-5AE3DFFC3341}"
EndProject
Project("{2150E333-8FDC-42A3-9474-1A3956D46DE8}") = "Vista", "Vista", "{85857418-13AC-4CC2-AFDD-11F91F2913C0}"
EndProject
Global
	GlobalSection(SolutionConfigurationPlatforms) = preSolution
		Debug|Any CPU = Debug|Any CPU
		Release|Any CPU = Release|Any CPU
	EndGlobalSection
	GlobalSection(ProjectConfigurationPlatforms) = postSolution
		{1683E25E-7F55-4B98-BB3A-F830FB8AB51C}.Debug|Any CPU.ActiveCfg = Debug|Any CPU
		{1683E25E-7F55-4B98-BB3A-F830FB8AB51C}.Debug|Any CPU.Build.0 = Debug|Any CPU
		{1683E25E-7F55-4B98-BB3A-F830FB8AB51C}.Release|Any CPU.ActiveCfg = Release|Any CPU
		{1683E25E-7F55-4B98-BB3A-F830FB8AB51C}.Release|Any CPU.Build.0 = Release|Any CPU
		{8DA355AC-AB92-4C56-BBCB-7762EC6FD5F3}.Debug|Any CPU.ActiveCfg = Debug|Any CPU
		{8DA355AC-AB92-4C56-BBCB-7762EC6FD5F3}.Debug|Any CPU.Build.0 = Debug|Any CPU
		{8DA355AC-AB92-4C56-BBCB-7762EC6FD5F3}.Release|Any CPU.ActiveCfg = Release|Any CPU
		{8DA355AC-AB92-4C56-BBCB-7762EC6FD5F3}.Release|Any CPU.Build.0 = Release|Any CPU
		{5846BC16-FEEE-4F8A-979E-C62EEE56A9F7}.Debug|Any CPU.ActiveCfg = Debug|Any CPU
		{5846BC16-FEEE-4F8A-979E-C62EEE56A9F7}.Debug|Any CPU.Build.0 = Debug|Any CPU
		{5846BC16-FEEE-4F8A-979E-C62EEE56A9F7}.Release|Any CPU.ActiveCfg = Release|Any CPU
		{5846BC16-FEEE-4F8A-979E-C62EEE56A9F7}.Release|Any CPU.Build.0 = Release|Any CPU
	EndGlobalSection
	GlobalSection(SolutionProperties) = preSolution
		HideSolutionNode = FALSE
	EndGlobalSection
	GlobalSection(NestedProjects) = preSolution
		{1683E25E-7F55-4B98-BB3A-F830FB8AB51C} = {85857418-13AC-4CC2-AFDD-11F91F2913C0}
		{8DA355AC-AB92-4C56-BBCB-7762EC6FD5F3} = {02EA681E-C7D8-13C7-8484-4AC65E1B71E8}
		{5846BC16-FEEE-4F8A-979E-C62EEE56A9F7} = {03A261C3-45A0-4A90-B500-5AE3DFFC3341}
	EndGlobalSection
	GlobalSection(ExtensibilityGlobals) = postSolution
		SolutionGuid = {45BD0C38-F5A4-4B9F-AE5C-E947623EEF07}
	EndGlobalSection
EndGlobal
